
Microsoft Visual Studio Solution File, Format Version 12.00
# Visual Studio Version 17
VisualStudioVersion = 17.12.35527.113 d17.12
MinimumVisualStudioVersion = 10.0.40219.1
Project("{FAE04EC0-301F-11D3-BF4B-00C04F79EFBC}") = "ConsoleApp.OutputDemo", "ConsoleApp.OutputDemo\ConsoleApp.OutputDemo.csproj", "{174B41AB-710E-4B27-A5F0-875AE27EA6D8}"
EndProject
Project("{FAE04EC0-301F-11D3-BF4B-00C04F79EFBC}") = "ConsoleApp.VariablesDemo", "ConsoleApp.VariablesDemo\ConsoleApp.VariablesDemo.csproj", "{E708E976-689D-45B9-8338-700544AEF984}"
EndProject
Project("{FAE04EC0-301F-11D3-BF4B-00C04F79EFBC}") = "ConsoleApp.UserInputDemo", "ConsoleApp.UserInputDemo\ConsoleApp.UserInputDemo.csproj", "{CF8544B8-AD03-4A3F-AED8-B6D67C11CF79}"
EndProject
Global
	GlobalSection(SolutionConfigurationPlatforms) = preSolution
		Debug|Any CPU = Debug|Any CPU
		Release|Any CPU = Release|Any CPU
	EndGlobalSection
	GlobalSection(ProjectConfigurationPlatforms) = postSolution
		{174B41AB-710E-4B27-A5F0-875AE27EA6D8}.Debug|Any CPU.ActiveCfg = Debug|Any CPU
		{174B41AB-710E-4B27-A5F0-875AE27EA6D8}.Debug|Any CPU.Build.0 = Debug|Any CPU
		{174B41AB-710E-4B27-A5F0-875AE27EA6D8}.Release|Any CPU.ActiveCfg = Release|Any CPU
		{174B41AB-710E-4B27-A5F0-875AE27EA6D8}.Release|Any CPU.Build.0 = Release|Any CPU
		{E708E976-689D-45B9-8338-700544AEF984}.Debug|Any CPU.ActiveCfg = Debug|Any CPU
		{E708E976-689D-45B9-8338-700544AEF984}.Debug|Any CPU.Build.0 = Debug|Any CPU
		{E708E976-689D-45B9-8338-700544AEF984}.Release|Any CPU.ActiveCfg = Release|Any CPU
		{E708E976-689D-45B9-8338-700544AEF984}.Release|Any CPU.Build.0 = Release|Any CPU
		{CF8544B8-AD03-4A3F-AED8-B6D67C11CF79}.Debug|Any CPU.ActiveCfg = Debug|Any CPU
		{CF8544B8-AD03-4A3F-AED8-B6D67C11CF79}.Debug|Any CPU.Build.0 = Debug|Any CPU
		{CF8544B8-AD03-4A3F-AED8-B6D67C11CF79}.Release|Any CPU.ActiveCfg = Release|Any CPU
		{CF8544B8-AD03-4A3F-AED8-B6D67C11CF79}.Release|Any CPU.Build.0 = Release|Any CPU
	EndGlobalSection
	GlobalSection(SolutionProperties) = preSolution
		HideSolutionNode = FALSE
	EndGlobalSection
EndGlobal
